
Microsoft Visual Studio Solution File, Format Version 12.00
# Visual Studio Version 16
VisualStudioVersion = 16.0.29926.136
MinimumVisualStudioVersion = 10.0.40219.1
Project("{FAE04EC0-301F-11D3-BF4B-00C04F79EFBC}") = "8", "8\8.csproj", "{B4E43A8C-CD29-410F-AC8F-00AF87A62D70}"
EndProject
Project("{FAE04EC0-301F-11D3-BF4B-00C04F79EFBC}") = "7", "7\7.csproj", "{D0A650EF-ED84-4A3B-8CBF-A4A946E2A8DE}"
EndProject
Project("{FAE04EC0-301F-11D3-BF4B-00C04F79EFBC}") = "9", "9\9.csproj", "{26424096-6C65-477A-BE66-AEE6153C1F8F}"
EndProject
Global
	GlobalSection(SolutionConfigurationPlatforms) = preSolution
		Debug|Any CPU = Debug|Any CPU
		Release|Any CPU = Release|Any CPU
	EndGlobalSection
	GlobalSection(ProjectConfigurationPlatforms) = postSolution
		{B4E43A8C-CD29-410F-AC8F-00AF87A62D70}.Debug|Any CPU.ActiveCfg = Debug|Any CPU
		{B4E43A8C-CD29-410F-AC8F-00AF87A62D70}.Debug|Any CPU.Build.0 = Debug|Any CPU
		{B4E43A8C-CD29-410F-AC8F-00AF87A62D70}.Release|Any CPU.ActiveCfg = Release|Any CPU
		{B4E43A8C-CD29-410F-AC8F-00AF87A62D70}.Release|Any CPU.Build.0 = Release|Any CPU
		{D0A650EF-ED84-4A3B-8CBF-A4A946E2A8DE}.Debug|Any CPU.ActiveCfg = Debug|Any CPU
		{D0A650EF-ED84-4A3B-8CBF-A4A946E2A8DE}.Debug|Any CPU.Build.0 = Debug|Any CPU
		{D0A650EF-ED84-4A3B-8CBF-A4A946E2A8DE}.Release|Any CPU.ActiveCfg = Release|Any CPU
		{D0A650EF-ED84-4A3B-8CBF-A4A946E2A8DE}.Release|Any CPU.Build.0 = Release|Any CPU
		{26424096-6C65-477A-BE66-AEE6153C1F8F}.Debug|Any CPU.ActiveCfg = Debug|Any CPU
		{26424096-6C65-477A-BE66-AEE6153C1F8F}.Debug|Any CPU.Build.0 = Debug|Any CPU
		{26424096-6C65-477A-BE66-AEE6153C1F8F}.Release|Any CPU.ActiveCfg = Release|Any CPU
		{26424096-6C65-477A-BE66-AEE6153C1F8F}.Release|Any CPU.Build.0 = Release|Any CPU
	EndGlobalSection
	GlobalSection(SolutionProperties) = preSolution
		HideSolutionNode = FALSE
	EndGlobalSection
	GlobalSection(ExtensibilityGlobals) = postSolution
		SolutionGuid = {5B89329D-8F0A-42BE-80D4-70AE262D51C6}
	EndGlobalSection
EndGlobal
